
Microsoft Visual Studio Solution File, Format Version 12.00
# Visual Studio Version 17
VisualStudioVersion = 17.4.33213.308
MinimumVisualStudioVersion = 10.0.40219.1
Project("{9A19103F-16F7-4668-BE54-9A1E7A4F7556}") = "DAL", "DAL\DAL.csproj", "{71B1E2A7-2C2C-4A40-BB60-14738C4A73C3}"
EndProject
Project("{9A19103F-16F7-4668-BE54-9A1E7A4F7556}") = "Repository", "Repository\Repository.csproj", "{816B8039-CEEF-4B15-9A76-E56F93D385F5}"
EndProject
Project("{9A19103F-16F7-4668-BE54-9A1E7A4F7556}") = "Site", "Site\Site.csproj", "{D189F91C-F4CE-4974-B695-260F8409BFDA}"
EndProject
Project("{9A19103F-16F7-4668-BE54-9A1E7A4F7556}") = "ViewModels", "ViewModels\ViewModels.csproj", "{983BFAB1-2689-45D5-B313-6D6212DE96F8}"
EndProject
Project("{FAE04EC0-301F-11D3-BF4B-00C04F79EFBC}") = "Helper", "Helper\Helper.csproj", "{1271DF52-A554-44CA-97A4-CBE0E8A1B0BB}"
EndProject
Global
	GlobalSection(SolutionConfigurationPlatforms) = preSolution
		Debug|Any CPU = Debug|Any CPU
		Release|Any CPU = Release|Any CPU
	EndGlobalSection
	GlobalSection(ProjectConfigurationPlatforms) = postSolution
		{71B1E2A7-2C2C-4A40-BB60-14738C4A73C3}.Debug|Any CPU.ActiveCfg = Debug|Any CPU
		{71B1E2A7-2C2C-4A40-BB60-14738C4A73C3}.Debug|Any CPU.Build.0 = Debug|Any CPU
		{71B1E2A7-2C2C-4A40-BB60-14738C4A73C3}.Release|Any CPU.ActiveCfg = Release|Any CPU
		{71B1E2A7-2C2C-4A40-BB60-14738C4A73C3}.Release|Any CPU.Build.0 = Release|Any CPU
		{816B8039-CEEF-4B15-9A76-E56F93D385F5}.Debug|Any CPU.ActiveCfg = Debug|Any CPU
		{816B8039-CEEF-4B15-9A76-E56F93D385F5}.Debug|Any CPU.Build.0 = Debug|Any CPU
		{816B8039-CEEF-4B15-9A76-E56F93D385F5}.Release|Any CPU.ActiveCfg = Release|Any CPU
		{816B8039-CEEF-4B15-9A76-E56F93D385F5}.Release|Any CPU.Build.0 = Release|Any CPU
		{D189F91C-F4CE-4974-B695-260F8409BFDA}.Debug|Any CPU.ActiveCfg = Debug|Any CPU
		{D189F91C-F4CE-4974-B695-260F8409BFDA}.Debug|Any CPU.Build.0 = Debug|Any CPU
		{D189F91C-F4CE-4974-B695-260F8409BFDA}.Release|Any CPU.ActiveCfg = Release|Any CPU
		{D189F91C-F4CE-4974-B695-260F8409BFDA}.Release|Any CPU.Build.0 = Release|Any CPU
		{983BFAB1-2689-45D5-B313-6D6212DE96F8}.Debug|Any CPU.ActiveCfg = Debug|Any CPU
		{983BFAB1-2689-45D5-B313-6D6212DE96F8}.Debug|Any CPU.Build.0 = Debug|Any CPU
		{983BFAB1-2689-45D5-B313-6D6212DE96F8}.Release|Any CPU.ActiveCfg = Release|Any CPU
		{983BFAB1-2689-45D5-B313-6D6212DE96F8}.Release|Any CPU.Build.0 = Release|Any CPU
		{1271DF52-A554-44CA-97A4-CBE0E8A1B0BB}.Debug|Any CPU.ActiveCfg = Debug|Any CPU
		{1271DF52-A554-44CA-97A4-CBE0E8A1B0BB}.Debug|Any CPU.Build.0 = Debug|Any CPU
		{1271DF52-A554-44CA-97A4-CBE0E8A1B0BB}.Release|Any CPU.ActiveCfg = Release|Any CPU
		{1271DF52-A554-44CA-97A4-CBE0E8A1B0BB}.Release|Any CPU.Build.0 = Release|Any CPU
	EndGlobalSection
	GlobalSection(SolutionProperties) = preSolution
		HideSolutionNode = FALSE
	EndGlobalSection
	GlobalSection(ExtensibilityGlobals) = postSolution
		SolutionGuid = {B387ABF4-76DB-4598-A9CC-249CD61B2F5F}
	EndGlobalSection
EndGlobal
